// !$*UTF8*$!
{
	archiveVersion = 1;
	classes = {
	};
	objectVersion = 46;
	objects = {

/* Begin PBXBuildFile section */
		AA094B5116D5CC43006ACA65 /* MapKit.framework in Frameworks */ = {isa = PBXBuildFile; fileRef = AA094B5016D5CC43006ACA65 /* MapKit.framework */; };
		AA094B5416D5CD7D006ACA65 /* JTCCheckInViewController.m in Sources */ = {isa = PBXBuildFile; fileRef = AA094B5316D5CD7D006ACA65 /* JTCCheckInViewController.m */; };
		AA094B5716D5D5EC006ACA65 /* JTCCheckInAnnotation.m in Sources */ = {isa = PBXBuildFile; fileRef = AA094B5616D5D5EC006ACA65 /* JTCCheckInAnnotation.m */; };
		AA226DE616D30C4700F8F59D /* JTCManagedDocumentHandler.m in Sources */ = {isa = PBXBuildFile; fileRef = AA226DE516D30C4700F8F59D /* JTCManagedDocumentHandler.m */; };
		AA226DE916D315A600F8F59D /* ItineraryEvent+LiveSync.m in Sources */ = {isa = PBXBuildFile; fileRef = AA226DE816D315A600F8F59D /* ItineraryEvent+LiveSync.m */; };
		AA2B1F3616CB414D00882834 /* UIKit.framework in Frameworks */ = {isa = PBXBuildFile; fileRef = AA2B1F3516CB414D00882834 /* UIKit.framework */; };
		AA2B1F3816CB414D00882834 /* Foundation.framework in Frameworks */ = {isa = PBXBuildFile; fileRef = AA2B1F3716CB414D00882834 /* Foundation.framework */; };
		AA2B1F3A16CB414D00882834 /* CoreGraphics.framework in Frameworks */ = {isa = PBXBuildFile; fileRef = AA2B1F3916CB414D00882834 /* CoreGraphics.framework */; };
		AA2B1F4016CB414D00882834 /* InfoPlist.strings in Resources */ = {isa = PBXBuildFile; fileRef = AA2B1F3E16CB414D00882834 /* InfoPlist.strings */; };
		AA2B1F4216CB414D00882834 /* main.m in Sources */ = {isa = PBXBuildFile; fileRef = AA2B1F4116CB414D00882834 /* main.m */; };
		AA2B1F4616CB414D00882834 /* JTCAppDelegate.m in Sources */ = {isa = PBXBuildFile; fileRef = AA2B1F4516CB414D00882834 /* JTCAppDelegate.m */; };
		AA2B1F4816CB414D00882834 /* Default.png in Resources */ = {isa = PBXBuildFile; fileRef = AA2B1F4716CB414D00882834 /* Default.png */; };
		AA2B1F4A16CB414D00882834 /* Default@2x.png in Resources */ = {isa = PBXBuildFile; fileRef = AA2B1F4916CB414D00882834 /* Default@2x.png */; };
		AA2B1F4C16CB414D00882834 /* Default-568h@2x.png in Resources */ = {isa = PBXBuildFile; fileRef = AA2B1F4B16CB414D00882834 /* Default-568h@2x.png */; };
		AA2B1F4F16CB414D00882834 /* MainStoryboard_iPhone.storyboard in Resources */ = {isa = PBXBuildFile; fileRef = AA2B1F4D16CB414D00882834 /* MainStoryboard_iPhone.storyboard */; };
		AA2B1F5216CB414D00882834 /* MainStoryboard_iPad.storyboard in Resources */ = {isa = PBXBuildFile; fileRef = AA2B1F5016CB414D00882834 /* MainStoryboard_iPad.storyboard */; };
		AA2B1F5716CB414D00882834 /* first.png in Resources */ = {isa = PBXBuildFile; fileRef = AA2B1F5616CB414D00882834 /* first.png */; };
		AA2B1F5916CB414D00882834 /* first@2x.png in Resources */ = {isa = PBXBuildFile; fileRef = AA2B1F5816CB414D00882834 /* first@2x.png */; };
		AA2B1F5C16CB414D00882834 /* JTCSecondViewController.m in Sources */ = {isa = PBXBuildFile; fileRef = AA2B1F5B16CB414D00882834 /* JTCSecondViewController.m */; };
		AA2B1F5E16CB414D00882834 /* second.png in Resources */ = {isa = PBXBuildFile; fileRef = AA2B1F5D16CB414D00882834 /* second.png */; };
		AA2B1F6016CB414D00882834 /* second@2x.png in Resources */ = {isa = PBXBuildFile; fileRef = AA2B1F5F16CB414D00882834 /* second@2x.png */; };
		AA2B1F6816CB42F300882834 /* 103-map.png in Resources */ = {isa = PBXBuildFile; fileRef = AA2B1F6716CB42F300882834 /* 103-map.png */; };
		AA2B1F6A16CB438000882834 /* 161-calculator.png in Resources */ = {isa = PBXBuildFile; fileRef = AA2B1F6916CB438000882834 /* 161-calculator.png */; };
		AA2B1F6C16CB43A200882834 /* 112-group.png in Resources */ = {isa = PBXBuildFile; fileRef = AA2B1F6B16CB43A200882834 /* 112-group.png */; };
		AA2B1F6E16CB43BA00882834 /* 38-airplane.png in Resources */ = {isa = PBXBuildFile; fileRef = AA2B1F6D16CB43BA00882834 /* 38-airplane.png */; };
		AA2B1F7616CB48C200882834 /* JTCFlightsDataController.m in Sources */ = {isa = PBXBuildFile; fileRef = AA2B1F7516CB48C200882834 /* JTCFlightsDataController.m */; };
		AA2D572016D98BF00029EB09 /* 125-food.png in Resources */ = {isa = PBXBuildFile; fileRef = AA2D571F16D98BF00029EB09 /* 125-food.png */; };
		AA2D572216D98C0A0029EB09 /* 124-bullhorn.png in Resources */ = {isa = PBXBuildFile; fileRef = AA2D572116D98C0A0029EB09 /* 124-bullhorn.png */; };
		AA2D572416D98C2C0029EB09 /* 43-film-roll.png in Resources */ = {isa = PBXBuildFile; fileRef = AA2D572316D98C2C0029EB09 /* 43-film-roll.png */; };
		AA2D572616D98C410029EB09 /* 34-coffee.png in Resources */ = {isa = PBXBuildFile; fileRef = AA2D572516D98C410029EB09 /* 34-coffee.png */; };
		AA2D572816D98C9D0029EB09 /* 101-gameplan.png in Resources */ = {isa = PBXBuildFile; fileRef = AA2D572716D98C9D0029EB09 /* 101-gameplan.png */; };
		AA2D572A16D98D830029EB09 /* soccer_ball.jpg in Resources */ = {isa = PBXBuildFile; fileRef = AA2D572916D98D830029EB09 /* soccer_ball.jpg */; };
		AA2D572C16D98F550029EB09 /* bus.jpg in Resources */ = {isa = PBXBuildFile; fileRef = AA2D572B16D98F550029EB09 /* bus.jpg */; };
		AA2D572E16D98F5C0029EB09 /* soccer_pitch.jpg in Resources */ = {isa = PBXBuildFile; fileRef = AA2D572D16D98F5C0029EB09 /* soccer_pitch.jpg */; };
		AA2D573016D98F640029EB09 /* dinner.jpg in Resources */ = {isa = PBXBuildFile; fileRef = AA2D572F16D98F640029EB09 /* dinner.jpg */; };
		AA2D573216D98F6B0029EB09 /* coffee.jpg in Resources */ = {isa = PBXBuildFile; fileRef = AA2D573116D98F6B0029EB09 /* coffee.jpg */; };
		AA2D573816D99D3D0029EB09 /* Airport.m in Sources */ = {isa = PBXBuildFile; fileRef = AA2D573716D99D3D0029EB09 /* Airport.m */; };
		AA2D573B16D99D3D0029EB09 /* Airline.m in Sources */ = {isa = PBXBuildFile; fileRef = AA2D573A16D99D3D0029EB09 /* Airline.m */; };
		AA2D574416D99D3D0029EB09 /* Flight.m in Sources */ = {isa = PBXBuildFile; fileRef = AA2D574316D99D3D0029EB09 /* Flight.m */; };
		AA2D574D16D99E3C0029EB09 /* Category+LiveSync.m in Sources */ = {isa = PBXBuildFile; fileRef = AA2D574C16D99E3C0029EB09 /* Category+LiveSync.m */; };
		AA2D575016D99E7D0029EB09 /* JTCCategoryFetcher.m in Sources */ = {isa = PBXBuildFile; fileRef = AA2D574F16D99E7D0029EB09 /* JTCCategoryFetcher.m */; };
		AA394F6916E5981E00A35034 /* logo_57.png in Resources */ = {isa = PBXBuildFile; fileRef = AA394F6816E5981E00A35034 /* logo_57.png */; };
		AA394F6B16E5982C00A35034 /* logo_retina.png in Resources */ = {isa = PBXBuildFile; fileRef = AA394F6A16E5982C00A35034 /* logo_retina.png */; };
		AA3B8F9A16D12A160093FF21 /* JTCFlightFetcher.m in Sources */ = {isa = PBXBuildFile; fileRef = AA3B8F9916D12A160093FF21 /* JTCFlightFetcher.m */; };
		AA3B8F9D16D134C10093FF21 /* Flight+LiveSync.m in Sources */ = {isa = PBXBuildFile; fileRef = AA3B8F9C16D134C10093FF21 /* Flight+LiveSync.m */; };
		AA3B8FA016D136310093FF21 /* Airline+LiveSync.m in Sources */ = {isa = PBXBuildFile; fileRef = AA3B8F9F16D136310093FF21 /* Airline+LiveSync.m */; };
		AA3B8FA316D1363F0093FF21 /* Airport+LiveSync.m in Sources */ = {isa = PBXBuildFile; fileRef = AA3B8FA216D1363F0093FF21 /* Airport+LiveSync.m */; };
		AA3B8FA616D1C0780093FF21 /* JTCItineraryFetcher.m in Sources */ = {isa = PBXBuildFile; fileRef = AA3B8FA516D1C0780093FF21 /* JTCItineraryFetcher.m */; };
		AA3B8FAF16D1CDE30093FF21 /* JTCItineraryViewController.m in Sources */ = {isa = PBXBuildFile; fileRef = AA3B8FAE16D1CDE30093FF21 /* JTCItineraryViewController.m */; };
		AA3E7FFD16E946B800B99C19 /* Category.m in Sources */ = {isa = PBXBuildFile; fileRef = AA3E7FFC16E946B800B99C19 /* Category.m */; };
		AA3FD23516DEFD5D00F2F8FB /* CheckIn.m in Sources */ = {isa = PBXBuildFile; fileRef = AA3FD23416DEFD5D00F2F8FB /* CheckIn.m */; };
		AA3FD23816DF04ED00F2F8FB /* JTCItineraryAddViewController.m in Sources */ = {isa = PBXBuildFile; fileRef = AA3FD23716DF04ED00F2F8FB /* JTCItineraryAddViewController.m */; };
		AA3FD23B16DF0A6700F2F8FB /* JTCCategoryViewController.m in Sources */ = {isa = PBXBuildFile; fileRef = AA3FD23A16DF0A6700F2F8FB /* JTCCategoryViewController.m */; };
		AA58495B16CF1AEB0005A696 /* JTCAddFlightViewController.m in Sources */ = {isa = PBXBuildFile; fileRef = AA58495A16CF1AEB0005A696 /* JTCAddFlightViewController.m */; };
		AA61A56E16D6C2DC00944D7F /* JTCContactsViewController.m in Sources */ = {isa = PBXBuildFile; fileRef = AA61A56D16D6C2DC00944D7F /* JTCContactsViewController.m */; };
		AA714F7616DC628700CE5D03 /* CoreLocation.framework in Frameworks */ = {isa = PBXBuildFile; fileRef = AA714F7516DC628700CE5D03 /* CoreLocation.framework */; };
		AA714F7816DC68AD00CE5D03 /* 141-lamp.png in Resources */ = {isa = PBXBuildFile; fileRef = AA714F7716DC68AD00CE5D03 /* 141-lamp.png */; };
		AA75999E16F0220600C73BD9 /* Hotel.m in Sources */ = {isa = PBXBuildFile; fileRef = AA75999D16F0220600C73BD9 /* Hotel.m */; };
		AA77321116CDE09E00E21C0C /* CoreData.framework in Frameworks */ = {isa = PBXBuildFile; fileRef = AA77321016CDE09E00E21C0C /* CoreData.framework */; };
		AA77321416CDE9A000E21C0C /* TFAEuropeTourModel.xcdatamodeld in Sources */ = {isa = PBXBuildFile; fileRef = AA77321216CDE9A000E21C0C /* TFAEuropeTourModel.xcdatamodeld */; };
		AA8488FF16EB720A005C498C /* JTCPersonFetcher.m in Sources */ = {isa = PBXBuildFile; fileRef = AA8488FE16EB720A005C498C /* JTCPersonFetcher.m */; };
		AA84890216EB7827005C498C /* Person.m in Sources */ = {isa = PBXBuildFile; fileRef = AA84890116EB7827005C498C /* Person.m */; };
		AA84890616EB7896005C498C /* Person+LiveSync.m in Sources */ = {isa = PBXBuildFile; fileRef = AA84890516EB7896005C498C /* Person+LiveSync.m */; };
		AA84890A16EB7A96005C498C /* JTCTravelersViewController.m in Sources */ = {isa = PBXBuildFile; fileRef = AA84890916EB7A96005C498C /* JTCTravelersViewController.m */; };
		AA84890C16EB88A5005C498C /* AddressBookUI.framework in Frameworks */ = {isa = PBXBuildFile; fileRef = AA84890B16EB88A5005C498C /* AddressBookUI.framework */; };
		AA84890E16EB88FE005C498C /* AddressBook.framework in Frameworks */ = {isa = PBXBuildFile; fileRef = AA84890D16EB88FE005C498C /* AddressBook.framework */; };
		AA94508516D00BB200B194C4 /* JTCFlightsViewController.m in Sources */ = {isa = PBXBuildFile; fileRef = AA94508416D00BB200B194C4 /* JTCFlightsViewController.m */; };
		AA9450A916D02E5100B194C4 /* CoreDataTableViewController.m in Sources */ = {isa = PBXBuildFile; fileRef = AA94508716D00C3B00B194C4 /* CoreDataTableViewController.m */; };
		AA9450AD16D0340500B194C4 /* Flight+Create.m in Sources */ = {isa = PBXBuildFile; fileRef = AA9450AC16D0340500B194C4 /* Flight+Create.m */; };
		AA9450B116D0360E00B194C4 /* JTCFlightViewModel.m in Sources */ = {isa = PBXBuildFile; fileRef = AA9450B016D0360E00B194C4 /* JTCFlightViewModel.m */; };
		AA9450B716D0402700B194C4 /* Airline+Create.m in Sources */ = {isa = PBXBuildFile; fileRef = AA9450B616D0402700B194C4 /* Airline+Create.m */; };
		AA9450BA16D0409200B194C4 /* Airport+Create.m in Sources */ = {isa = PBXBuildFile; fileRef = AA9450B916D0409200B194C4 /* Airport+Create.m */; };
		AA9450CF16D0755D00B194C4 /* JTCFlightDatePickerViewController.m in Sources */ = {isa = PBXBuildFile; fileRef = AA9450CE16D0755C00B194C4 /* JTCFlightDatePickerViewController.m */; };
		AAAD9FFA16D4764A0000EE54 /* JTCItineraryDetailViewController.m in Sources */ = {isa = PBXBuildFile; fileRef = AAAD9FF916D4764A0000EE54 /* JTCItineraryDetailViewController.m */; };
		AAAD9FFC16D4894A0000EE54 /* glyphicons_335_pin_classic.png in Resources */ = {isa = PBXBuildFile; fileRef = AAAD9FFB16D4894A0000EE54 /* glyphicons_335_pin_classic.png */; };
		AAD5547016DAF9CE00E98B23 /* JTCItineraryLocationViewController.m in Sources */ = {isa = PBXBuildFile; fileRef = AAD5546F16DAF9CE00E98B23 /* JTCItineraryLocationViewController.m */; };
		AAD5F9BA16D906F0007FA002 /* JTCItineraryEditViewController.m in Sources */ = {isa = PBXBuildFile; fileRef = AAD5F9B916D906F0007FA002 /* JTCItineraryEditViewController.m */; };
		AAD6380116EC49D000A5AF7A /* ItineraryEvent.m in Sources */ = {isa = PBXBuildFile; fileRef = AAD6380016EC49D000A5AF7A /* ItineraryEvent.m */; };
		AAED32FC16DA769800E19C0E /* CheckIn+Create.m in Sources */ = {isa = PBXBuildFile; fileRef = AAED32FB16DA769800E19C0E /* CheckIn+Create.m */; };
		AAF6AA3916ECD4DE00DFEC55 /* JTCHotelFetcher.m in Sources */ = {isa = PBXBuildFile; fileRef = AAF6AA3816ECD4DE00DFEC55 /* JTCHotelFetcher.m */; };
		AAF6AA3C16ECD75300DFEC55 /* Hotel+LiveSync.m in Sources */ = {isa = PBXBuildFile; fileRef = AAF6AA3B16ECD75300DFEC55 /* Hotel+LiveSync.m */; };
		AAF6AA4316ECDC2900DFEC55 /* JTCHotelViewController.m in Sources */ = {isa = PBXBuildFile; fileRef = AAF6AA4216ECDC2900DFEC55 /* JTCHotelViewController.m */; };
		AAF6AA4616ECE11200DFEC55 /* JTCHotelDetailViewController.m in Sources */ = {isa = PBXBuildFile; fileRef = AAF6AA4516ECE11200DFEC55 /* JTCHotelDetailViewController.m */; };
/* End PBXBuildFile section */

/* Begin PBXFileReference section */
		AA094B5016D5CC43006ACA65 /* MapKit.framework */ = {isa = PBXFileReference; lastKnownFileType = wrapper.framework; name = MapKit.framework; path = System/Library/Frameworks/MapKit.framework; sourceTree = SDKROOT; };
		AA094B5216D5CD7D006ACA65 /* JTCCheckInViewController.h */ = {isa = PBXFileReference; fileEncoding = 4; lastKnownFileType = sourcecode.c.h; name = JTCCheckInViewController.h; path = ../JTCCheckInViewController.h; sourceTree = "<group>"; };
		AA094B5316D5CD7D006ACA65 /* JTCCheckInViewController.m */ = {isa = PBXFileReference; fileEncoding = 4; lastKnownFileType = sourcecode.c.objc; name = JTCCheckInViewController.m; path = ../JTCCheckInViewController.m; sourceTree = "<group>"; };
		AA094B5516D5D5EC006ACA65 /* JTCCheckInAnnotation.h */ = {isa = PBXFileReference; fileEncoding = 4; lastKnownFileType = sourcecode.c.h; path = JTCCheckInAnnotation.h; sourceTree = "<group>"; };
		AA094B5616D5D5EC006ACA65 /* JTCCheckInAnnotation.m */ = {isa = PBXFileReference; fileEncoding = 4; lastKnownFileType = sourcecode.c.objc; path = JTCCheckInAnnotation.m; sourceTree = "<group>"; };
		AA226DE416D30C4700F8F59D /* JTCManagedDocumentHandler.h */ = {isa = PBXFileReference; fileEncoding = 4; lastKnownFileType = sourcecode.c.h; path = JTCManagedDocumentHandler.h; sourceTree = "<group>"; };
		AA226DE516D30C4700F8F59D /* JTCManagedDocumentHandler.m */ = {isa = PBXFileReference; fileEncoding = 4; lastKnownFileType = sourcecode.c.objc; path = JTCManagedDocumentHandler.m; sourceTree = "<group>"; };
		AA226DE716D315A600F8F59D /* ItineraryEvent+LiveSync.h */ = {isa = PBXFileReference; fileEncoding = 4; lastKnownFileType = sourcecode.c.h; path = "ItineraryEvent+LiveSync.h"; sourceTree = "<group>"; };
		AA226DE816D315A600F8F59D /* ItineraryEvent+LiveSync.m */ = {isa = PBXFileReference; fileEncoding = 4; lastKnownFileType = sourcecode.c.objc; path = "ItineraryEvent+LiveSync.m"; sourceTree = "<group>"; };
		AA2B1F3216CB414D00882834 /* TFAEuropeTour.app */ = {isa = PBXFileReference; explicitFileType = wrapper.application; includeInIndex = 0; path = TFAEuropeTour.app; sourceTree = BUILT_PRODUCTS_DIR; };
		AA2B1F3516CB414D00882834 /* UIKit.framework */ = {isa = PBXFileReference; lastKnownFileType = wrapper.framework; name = UIKit.framework; path = System/Library/Frameworks/UIKit.framework; sourceTree = SDKROOT; };
		AA2B1F3716CB414D00882834 /* Foundation.framework */ = {isa = PBXFileReference; lastKnownFileType = wrapper.framework; name = Foundation.framework; path = System/Library/Frameworks/Foundation.framework; sourceTree = SDKROOT; };
		AA2B1F3916CB414D00882834 /* CoreGraphics.framework */ = {isa = PBXFileReference; lastKnownFileType = wrapper.framework; name = CoreGraphics.framework; path = System/Library/Frameworks/CoreGraphics.framework; sourceTree = SDKROOT; };
		AA2B1F3D16CB414D00882834 /* TFAEuropeTour-Info.plist */ = {isa = PBXFileReference; lastKnownFileType = text.plist.xml; path = "TFAEuropeTour-Info.plist"; sourceTree = "<group>"; };
		AA2B1F3F16CB414D00882834 /* en */ = {isa = PBXFileReference; lastKnownFileType = text.plist.strings; name = en; path = en.lproj/InfoPlist.strings; sourceTree = "<group>"; };
		AA2B1F4116CB414D00882834 /* main.m */ = {isa = PBXFileReference; lastKnownFileType = sourcecode.c.objc; path = main.m; sourceTree = "<group>"; };
		AA2B1F4316CB414D00882834 /* TFAEuropeTour-Prefix.pch */ = {isa = PBXFileReference; lastKnownFileType = sourcecode.c.h; path = "TFAEuropeTour-Prefix.pch"; sourceTree = "<group>"; };
		AA2B1F4416CB414D00882834 /* JTCAppDelegate.h */ = {isa = PBXFileReference; lastKnownFileType = sourcecode.c.h; path = JTCAppDelegate.h; sourceTree = "<group>"; };
		AA2B1F4516CB414D00882834 /* JTCAppDelegate.m */ = {isa = PBXFileReference; lastKnownFileType = sourcecode.c.objc; path = JTCAppDelegate.m; sourceTree = "<group>"; };
		AA2B1F4716CB414D00882834 /* Default.png */ = {isa = PBXFileReference; lastKnownFileType = image.png; path = Default.png; sourceTree = "<group>"; };
		AA2B1F4916CB414D00882834 /* Default@2x.png */ = {isa = PBXFileReference; lastKnownFileType = image.png; path = "Default@2x.png"; sourceTree = "<group>"; };
		AA2B1F4B16CB414D00882834 /* Default-568h@2x.png */ = {isa = PBXFileReference; lastKnownFileType = image.png; path = "Default-568h@2x.png"; sourceTree = "<group>"; };
		AA2B1F4E16CB414D00882834 /* en */ = {isa = PBXFileReference; lastKnownFileType = file.storyboard; name = en; path = en.lproj/MainStoryboard_iPhone.storyboard; sourceTree = "<group>"; };
		AA2B1F5116CB414D00882834 /* en */ = {isa = PBXFileReference; lastKnownFileType = file.storyboard; name = en; path = en.lproj/MainStoryboard_iPad.storyboard; sourceTree = "<group>"; };
		AA2B1F5616CB414D00882834 /* first.png */ = {isa = PBXFileReference; lastKnownFileType = image.png; path = first.png; sourceTree = "<group>"; };
		AA2B1F5816CB414D00882834 /* first@2x.png */ = {isa = PBXFileReference; lastKnownFileType = image.png; path = "first@2x.png"; sourceTree = "<group>"; };
		AA2B1F5A16CB414D00882834 /* JTCSecondViewController.h */ = {isa = PBXFileReference; lastKnownFileType = sourcecode.c.h; path = JTCSecondViewController.h; sourceTree = "<group>"; };
		AA2B1F5B16CB414D00882834 /* JTCSecondViewController.m */ = {isa = PBXFileReference; lastKnownFileType = sourcecode.c.objc; path = JTCSecondViewController.m; sourceTree = "<group>"; };
		AA2B1F5D16CB414D00882834 /* second.png */ = {isa = PBXFileReference; lastKnownFileType = image.png; path = second.png; sourceTree = "<group>"; };
		AA2B1F5F16CB414D00882834 /* second@2x.png */ = {isa = PBXFileReference; lastKnownFileType = image.png; path = "second@2x.png"; sourceTree = "<group>"; };
		AA2B1F6716CB42F300882834 /* 103-map.png */ = {isa = PBXFileReference; lastKnownFileType = image.png; path = "103-map.png"; sourceTree = "<group>"; };
		AA2B1F6916CB438000882834 /* 161-calculator.png */ = {isa = PBXFileReference; lastKnownFileType = image.png; path = "161-calculator.png"; sourceTree = "<group>"; };
		AA2B1F6B16CB43A200882834 /* 112-group.png */ = {isa = PBXFileReference; lastKnownFileType = image.png; path = "112-group.png"; sourceTree = "<group>"; };
		AA2B1F6D16CB43BA00882834 /* 38-airplane.png */ = {isa = PBXFileReference; lastKnownFileType = image.png; path = "38-airplane.png"; sourceTree = "<group>"; };
		AA2B1F7416CB48C200882834 /* JTCFlightsDataController.h */ = {isa = PBXFileReference; fileEncoding = 4; lastKnownFileType = sourcecode.c.h; path = JTCFlightsDataController.h; sourceTree = "<group>"; };
		AA2B1F7516CB48C200882834 /* JTCFlightsDataController.m */ = {isa = PBXFileReference; fileEncoding = 4; lastKnownFileType = sourcecode.c.objc; path = JTCFlightsDataController.m; sourceTree = "<group>"; };
		AA2D571F16D98BF00029EB09 /* 125-food.png */ = {isa = PBXFileReference; lastKnownFileType = image.png; path = "125-food.png"; sourceTree = "<group>"; };
		AA2D572116D98C0A0029EB09 /* 124-bullhorn.png */ = {isa = PBXFileReference; lastKnownFileType = image.png; path = "124-bullhorn.png"; sourceTree = "<group>"; };
		AA2D572316D98C2C0029EB09 /* 43-film-roll.png */ = {isa = PBXFileReference; lastKnownFileType = image.png; path = "43-film-roll.png"; sourceTree = "<group>"; };
		AA2D572516D98C410029EB09 /* 34-coffee.png */ = {isa = PBXFileReference; lastKnownFileType = image.png; path = "34-coffee.png"; sourceTree = "<group>"; };
		AA2D572716D98C9D0029EB09 /* 101-gameplan.png */ = {isa = PBXFileReference; lastKnownFileType = image.png; path = "101-gameplan.png"; sourceTree = "<group>"; };
		AA2D572916D98D830029EB09 /* soccer_ball.jpg */ = {isa = PBXFileReference; lastKnownFileType = image.jpeg; path = soccer_ball.jpg; sourceTree = "<group>"; };
		AA2D572B16D98F550029EB09 /* bus.jpg */ = {isa = PBXFileReference; lastKnownFileType = image.jpeg; path = bus.jpg; sourceTree = "<group>"; };
		AA2D572D16D98F5C0029EB09 /* soccer_pitch.jpg */ = {isa = PBXFileReference; lastKnownFileType = image.jpeg; path = soccer_pitch.jpg; sourceTree = "<group>"; };
		AA2D572F16D98F640029EB09 /* dinner.jpg */ = {isa = PBXFileReference; lastKnownFileType = image.jpeg; path = dinner.jpg; sourceTree = "<group>"; };
		AA2D573116D98F6B0029EB09 /* coffee.jpg */ = {isa = PBXFileReference; lastKnownFileType = image.jpeg; path = coffee.jpg; sourceTree = "<group>"; };
		AA2D573616D99D3D0029EB09 /* Airport.h */ = {isa = PBXFileReference; fileEncoding = 4; lastKnownFileType = sourcecode.c.h; path = Airport.h; sourceTree = "<group>"; };
		AA2D573716D99D3D0029EB09 /* Airport.m */ = {isa = PBXFileReference; fileEncoding = 4; lastKnownFileType = sourcecode.c.objc; path = Airport.m; sourceTree = "<group>"; };
		AA2D573916D99D3D0029EB09 /* Airline.h */ = {isa = PBXFileReference; fileEncoding = 4; lastKnownFileType = sourcecode.c.h; path = Airline.h; sourceTree = "<group>"; };
		AA2D573A16D99D3D0029EB09 /* Airline.m */ = {isa = PBXFileReference; fileEncoding = 4; lastKnownFileType = sourcecode.c.objc; path = Airline.m; sourceTree = "<group>"; };
		AA2D574216D99D3D0029EB09 /* Flight.h */ = {isa = PBXFileReference; fileEncoding = 4; lastKnownFileType = sourcecode.c.h; path = Flight.h; sourceTree = "<group>"; };
		AA2D574316D99D3D0029EB09 /* Flight.m */ = {isa = PBXFileReference; fileEncoding = 4; lastKnownFileType = sourcecode.c.objc; path = Flight.m; sourceTree = "<group>"; };
		AA2D574B16D99E3B0029EB09 /* Category+LiveSync.h */ = {isa = PBXFileReference; fileEncoding = 4; lastKnownFileType = sourcecode.c.h; path = "Category+LiveSync.h"; sourceTree = "<group>"; };
		AA2D574C16D99E3C0029EB09 /* Category+LiveSync.m */ = {isa = PBXFileReference; fileEncoding = 4; lastKnownFileType = sourcecode.c.objc; path = "Category+LiveSync.m"; sourceTree = "<group>"; };
		AA2D574E16D99E7D0029EB09 /* JTCCategoryFetcher.h */ = {isa = PBXFileReference; fileEncoding = 4; lastKnownFileType = sourcecode.c.h; path = JTCCategoryFetcher.h; sourceTree = "<group>"; };
		AA2D574F16D99E7D0029EB09 /* JTCCategoryFetcher.m */ = {isa = PBXFileReference; fileEncoding = 4; lastKnownFileType = sourcecode.c.objc; path = JTCCategoryFetcher.m; sourceTree = "<group>"; };
		AA394F6816E5981E00A35034 /* logo_57.png */ = {isa = PBXFileReference; lastKnownFileType = image.png; path = logo_57.png; sourceTree = "<group>"; };
		AA394F6A16E5982C00A35034 /* logo_retina.png */ = {isa = PBXFileReference; lastKnownFileType = image.png; path = logo_retina.png; sourceTree = "<group>"; };
		AA3B8F9816D12A160093FF21 /* JTCFlightFetcher.h */ = {isa = PBXFileReference; fileEncoding = 4; lastKnownFileType = sourcecode.c.h; path = JTCFlightFetcher.h; sourceTree = "<group>"; };
		AA3B8F9916D12A160093FF21 /* JTCFlightFetcher.m */ = {isa = PBXFileReference; fileEncoding = 4; lastKnownFileType = sourcecode.c.objc; path = JTCFlightFetcher.m; sourceTree = "<group>"; };
		AA3B8F9B16D134C10093FF21 /* Flight+LiveSync.h */ = {isa = PBXFileReference; fileEncoding = 4; lastKnownFileType = sourcecode.c.h; path = "Flight+LiveSync.h"; sourceTree = "<group>"; };
		AA3B8F9C16D134C10093FF21 /* Flight+LiveSync.m */ = {isa = PBXFileReference; fileEncoding = 4; lastKnownFileType = sourcecode.c.objc; path = "Flight+LiveSync.m"; sourceTree = "<group>"; };
		AA3B8F9E16D136310093FF21 /* Airline+LiveSync.h */ = {isa = PBXFileReference; fileEncoding = 4; lastKnownFileType = sourcecode.c.h; path = "Airline+LiveSync.h"; sourceTree = "<group>"; };
		AA3B8F9F16D136310093FF21 /* Airline+LiveSync.m */ = {isa = PBXFileReference; fileEncoding = 4; lastKnownFileType = sourcecode.c.objc; path = "Airline+LiveSync.m"; sourceTree = "<group>"; };
		AA3B8FA116D1363F0093FF21 /* Airport+LiveSync.h */ = {isa = PBXFileReference; fileEncoding = 4; lastKnownFileType = sourcecode.c.h; path = "Airport+LiveSync.h"; sourceTree = "<group>"; };
		AA3B8FA216D1363F0093FF21 /* Airport+LiveSync.m */ = {isa = PBXFileReference; fileEncoding = 4; lastKnownFileType = sourcecode.c.objc; path = "Airport+LiveSync.m"; sourceTree = "<group>"; };
		AA3B8FA416D1C0780093FF21 /* JTCItineraryFetcher.h */ = {isa = PBXFileReference; fileEncoding = 4; lastKnownFileType = sourcecode.c.h; path = JTCItineraryFetcher.h; sourceTree = "<group>"; };
		AA3B8FA516D1C0780093FF21 /* JTCItineraryFetcher.m */ = {isa = PBXFileReference; fileEncoding = 4; lastKnownFileType = sourcecode.c.objc; path = JTCItineraryFetcher.m; sourceTree = "<group>"; };
		AA3B8FAD16D1CDE30093FF21 /* JTCItineraryViewController.h */ = {isa = PBXFileReference; fileEncoding = 4; lastKnownFileType = sourcecode.c.h; path = JTCItineraryViewController.h; sourceTree = "<group>"; };
		AA3B8FAE16D1CDE30093FF21 /* JTCItineraryViewController.m */ = {isa = PBXFileReference; fileEncoding = 4; lastKnownFileType = sourcecode.c.objc; path = JTCItineraryViewController.m; sourceTree = "<group>"; };
		AA3E7FFB16E946B800B99C19 /* Category.h */ = {isa = PBXFileReference; fileEncoding = 4; lastKnownFileType = sourcecode.c.h; path = Category.h; sourceTree = "<group>"; };
		AA3E7FFC16E946B800B99C19 /* Category.m */ = {isa = PBXFileReference; fileEncoding = 4; lastKnownFileType = sourcecode.c.objc; path = Category.m; sourceTree = "<group>"; };
		AA3FD23316DEFD5D00F2F8FB /* CheckIn.h */ = {isa = PBXFileReference; fileEncoding = 4; lastKnownFileType = sourcecode.c.h; path = CheckIn.h; sourceTree = "<group>"; };
		AA3FD23416DEFD5D00F2F8FB /* CheckIn.m */ = {isa = PBXFileReference; fileEncoding = 4; lastKnownFileType = sourcecode.c.objc; path = CheckIn.m; sourceTree = "<group>"; };
		AA3FD23616DF04ED00F2F8FB /* JTCItineraryAddViewController.h */ = {isa = PBXFileReference; fileEncoding = 4; lastKnownFileType = sourcecode.c.h; path = JTCItineraryAddViewController.h; sourceTree = "<group>"; };
		AA3FD23716DF04ED00F2F8FB /* JTCItineraryAddViewController.m */ = {isa = PBXFileReference; fileEncoding = 4; lastKnownFileType = sourcecode.c.objc; path = JTCItineraryAddViewController.m; sourceTree = "<group>"; };
		AA3FD23916DF0A6700F2F8FB /* JTCCategoryViewController.h */ = {isa = PBXFileReference; fileEncoding = 4; lastKnownFileType = sourcecode.c.h; path = JTCCategoryViewController.h; sourceTree = "<group>"; };
		AA3FD23A16DF0A6700F2F8FB /* JTCCategoryViewController.m */ = {isa = PBXFileReference; fileEncoding = 4; lastKnownFileType = sourcecode.c.objc; path = JTCCategoryViewController.m; sourceTree = "<group>"; };
		AA58495916CF1AEB0005A696 /* JTCAddFlightViewController.h */ = {isa = PBXFileReference; fileEncoding = 4; lastKnownFileType = sourcecode.c.h; path = JTCAddFlightViewController.h; sourceTree = "<group>"; };
		AA58495A16CF1AEB0005A696 /* JTCAddFlightViewController.m */ = {isa = PBXFileReference; fileEncoding = 4; lastKnownFileType = sourcecode.c.objc; path = JTCAddFlightViewController.m; sourceTree = "<group>"; };
		AA61A56C16D6C2DC00944D7F /* JTCContactsViewController.h */ = {isa = PBXFileReference; fileEncoding = 4; lastKnownFileType = sourcecode.c.h; path = JTCContactsViewController.h; sourceTree = "<group>"; };
		AA61A56D16D6C2DC00944D7F /* JTCContactsViewController.m */ = {isa = PBXFileReference; fileEncoding = 4; lastKnownFileType = sourcecode.c.objc; path = JTCContactsViewController.m; sourceTree = "<group>"; };
		AA714F7516DC628700CE5D03 /* CoreLocation.framework */ = {isa = PBXFileReference; lastKnownFileType = wrapper.framework; name = CoreLocation.framework; path = System/Library/Frameworks/CoreLocation.framework; sourceTree = SDKROOT; };
		AA714F7716DC68AD00CE5D03 /* 141-lamp.png */ = {isa = PBXFileReference; lastKnownFileType = image.png; path = "141-lamp.png"; sourceTree = "<group>"; };
		AA75999C16F0220600C73BD9 /* Hotel.h */ = {isa = PBXFileReference; fileEncoding = 4; lastKnownFileType = sourcecode.c.h; path = Hotel.h; sourceTree = "<group>"; };
		AA75999D16F0220600C73BD9 /* Hotel.m */ = {isa = PBXFileReference; fileEncoding = 4; lastKnownFileType = sourcecode.c.objc; path = Hotel.m; sourceTree = "<group>"; };
		AA77321016CDE09E00E21C0C /* CoreData.framework */ = {isa = PBXFileReference; lastKnownFileType = wrapper.framework; name = CoreData.framework; path = System/Library/Frameworks/CoreData.framework; sourceTree = SDKROOT; };
		AA77321316CDE9A000E21C0C /* TFAEuropeTourModel.xcdatamodel */ = {isa = PBXFileReference; lastKnownFileType = wrapper.xcdatamodel; path = TFAEuropeTourModel.xcdatamodel; sourceTree = "<group>"; };
		AA8488FD16EB720A005C498C /* JTCPersonFetcher.h */ = {isa = PBXFileReference; fileEncoding = 4; lastKnownFileType = sourcecode.c.h; path = JTCPersonFetcher.h; sourceTree = "<group>"; };
		AA8488FE16EB720A005C498C /* JTCPersonFetcher.m */ = {isa = PBXFileReference; fileEncoding = 4; lastKnownFileType = sourcecode.c.objc; path = JTCPersonFetcher.m; sourceTree = "<group>"; };
		AA84890016EB7827005C498C /* Person.h */ = {isa = PBXFileReference; fileEncoding = 4; lastKnownFileType = sourcecode.c.h; path = Person.h; sourceTree = "<group>"; };
		AA84890116EB7827005C498C /* Person.m */ = {isa = PBXFileReference; fileEncoding = 4; lastKnownFileType = sourcecode.c.objc; path = Person.m; sourceTree = "<group>"; };
		AA84890416EB7896005C498C /* Person+LiveSync.h */ = {isa = PBXFileReference; fileEncoding = 4; lastKnownFileType = sourcecode.c.h; path = "Person+LiveSync.h"; sourceTree = "<group>"; };
		AA84890516EB7896005C498C /* Person+LiveSync.m */ = {isa = PBXFileReference; fileEncoding = 4; lastKnownFileType = sourcecode.c.objc; path = "Person+LiveSync.m"; sourceTree = "<group>"; };
		AA84890816EB7A96005C498C /* JTCTravelersViewController.h */ = {isa = PBXFileReference; fileEncoding = 4; lastKnownFileType = sourcecode.c.h; path = JTCTravelersViewController.h; sourceTree = "<group>"; };
		AA84890916EB7A96005C498C /* JTCTravelersViewController.m */ = {isa = PBXFileReference; fileEncoding = 4; lastKnownFileType = sourcecode.c.objc; path = JTCTravelersViewController.m; sourceTree = "<group>"; };
		AA84890B16EB88A5005C498C /* AddressBookUI.framework */ = {isa = PBXFileReference; lastKnownFileType = wrapper.framework; name = AddressBookUI.framework; path = System/Library/Frameworks/AddressBookUI.framework; sourceTree = SDKROOT; };
		AA84890D16EB88FE005C498C /* AddressBook.framework */ = {isa = PBXFileReference; lastKnownFileType = wrapper.framework; name = AddressBook.framework; path = System/Library/Frameworks/AddressBook.framework; sourceTree = SDKROOT; };
		AA94508316D00BB200B194C4 /* JTCFlightsViewController.h */ = {isa = PBXFileReference; fileEncoding = 4; lastKnownFileType = sourcecode.c.h; path = JTCFlightsViewController.h; sourceTree = "<group>"; };
		AA94508416D00BB200B194C4 /* JTCFlightsViewController.m */ = {isa = PBXFileReference; fileEncoding = 4; lastKnownFileType = sourcecode.c.objc; path = JTCFlightsViewController.m; sourceTree = "<group>"; };
		AA94508616D00C3B00B194C4 /* CoreDataTableViewController.h */ = {isa = PBXFileReference; lastKnownFileType = sourcecode.c.h; path = CoreDataTableViewController.h; sourceTree = "<group>"; };
		AA94508716D00C3B00B194C4 /* CoreDataTableViewController.m */ = {isa = PBXFileReference; lastKnownFileType = sourcecode.c.objc; path = CoreDataTableViewController.m; sourceTree = "<group>"; };
		AA9450AB16D0340500B194C4 /* Flight+Create.h */ = {isa = PBXFileReference; fileEncoding = 4; lastKnownFileType = sourcecode.c.h; path = "Flight+Create.h"; sourceTree = "<group>"; };
		AA9450AC16D0340500B194C4 /* Flight+Create.m */ = {isa = PBXFileReference; fileEncoding = 4; lastKnownFileType = sourcecode.c.objc; path = "Flight+Create.m"; sourceTree = "<group>"; };
		AA9450AF16D0360E00B194C4 /* JTCFlightViewModel.h */ = {isa = PBXFileReference; fileEncoding = 4; lastKnownFileType = sourcecode.c.h; path = JTCFlightViewModel.h; sourceTree = "<group>"; };
		AA9450B016D0360E00B194C4 /* JTCFlightViewModel.m */ = {isa = PBXFileReference; fileEncoding = 4; lastKnownFileType = sourcecode.c.objc; path = JTCFlightViewModel.m; sourceTree = "<group>"; };
		AA9450B516D0402700B194C4 /* Airline+Create.h */ = {isa = PBXFileReference; fileEncoding = 4; lastKnownFileType = sourcecode.c.h; path = "Airline+Create.h"; sourceTree = "<group>"; };
		AA9450B616D0402700B194C4 /* Airline+Create.m */ = {isa = PBXFileReference; fileEncoding = 4; lastKnownFileType = sourcecode.c.objc; path = "Airline+Create.m"; sourceTree = "<group>"; };
		AA9450B816D0409200B194C4 /* Airport+Create.h */ = {isa = PBXFileReference; fileEncoding = 4; lastKnownFileType = sourcecode.c.h; path = "Airport+Create.h"; sourceTree = "<group>"; };
		AA9450B916D0409200B194C4 /* Airport+Create.m */ = {isa = PBXFileReference; fileEncoding = 4; lastKnownFileType = sourcecode.c.objc; path = "Airport+Create.m"; sourceTree = "<group>"; };
		AA9450CD16D0755C00B194C4 /* JTCFlightDatePickerViewController.h */ = {isa = PBXFileReference; fileEncoding = 4; lastKnownFileType = sourcecode.c.h; path = JTCFlightDatePickerViewController.h; sourceTree = "<group>"; };
		AA9450CE16D0755C00B194C4 /* JTCFlightDatePickerViewController.m */ = {isa = PBXFileReference; fileEncoding = 4; lastKnownFileType = sourcecode.c.objc; path = JTCFlightDatePickerViewController.m; sourceTree = "<group>"; };
		AAAD9FF816D4764A0000EE54 /* JTCItineraryDetailViewController.h */ = {isa = PBXFileReference; fileEncoding = 4; lastKnownFileType = sourcecode.c.h; path = JTCItineraryDetailViewController.h; sourceTree = "<group>"; };
		AAAD9FF916D4764A0000EE54 /* JTCItineraryDetailViewController.m */ = {isa = PBXFileReference; fileEncoding = 4; lastKnownFileType = sourcecode.c.objc; path = JTCItineraryDetailViewController.m; sourceTree = "<group>"; };
		AAAD9FFB16D4894A0000EE54 /* glyphicons_335_pin_classic.png */ = {isa = PBXFileReference; lastKnownFileType = image.png; path = glyphicons_335_pin_classic.png; sourceTree = "<group>"; };
		AAD5546E16DAF9CE00E98B23 /* JTCItineraryLocationViewController.h */ = {isa = PBXFileReference; fileEncoding = 4; lastKnownFileType = sourcecode.c.h; path = JTCItineraryLocationViewController.h; sourceTree = "<group>"; };
		AAD5546F16DAF9CE00E98B23 /* JTCItineraryLocationViewController.m */ = {isa = PBXFileReference; fileEncoding = 4; lastKnownFileType = sourcecode.c.objc; path = JTCItineraryLocationViewController.m; sourceTree = "<group>"; };
		AAD5F9B816D906F0007FA002 /* JTCItineraryEditViewController.h */ = {isa = PBXFileReference; fileEncoding = 4; lastKnownFileType = sourcecode.c.h; path = JTCItineraryEditViewController.h; sourceTree = "<group>"; };
		AAD5F9B916D906F0007FA002 /* JTCItineraryEditViewController.m */ = {isa = PBXFileReference; fileEncoding = 4; lastKnownFileType = sourcecode.c.objc; path = JTCItineraryEditViewController.m; sourceTree = "<group>"; };
		AAD637FF16EC49D000A5AF7A /* ItineraryEvent.h */ = {isa = PBXFileReference; fileEncoding = 4; lastKnownFileType = sourcecode.c.h; path = ItineraryEvent.h; sourceTree = "<group>"; };
		AAD6380016EC49D000A5AF7A /* ItineraryEvent.m */ = {isa = PBXFileReference; fileEncoding = 4; lastKnownFileType = sourcecode.c.objc; path = ItineraryEvent.m; sourceTree = "<group>"; };
		AAED32FA16DA769800E19C0E /* CheckIn+Create.h */ = {isa = PBXFileReference; fileEncoding = 4; lastKnownFileType = sourcecode.c.h; path = "CheckIn+Create.h"; sourceTree = "<group>"; };
		AAED32FB16DA769800E19C0E /* CheckIn+Create.m */ = {isa = PBXFileReference; fileEncoding = 4; lastKnownFileType = sourcecode.c.objc; path = "CheckIn+Create.m"; sourceTree = "<group>"; };
		AAF6AA3716ECD4DE00DFEC55 /* JTCHotelFetcher.h */ = {isa = PBXFileReference; fileEncoding = 4; lastKnownFileType = sourcecode.c.h; path = JTCHotelFetcher.h; sourceTree = "<group>"; };
		AAF6AA3816ECD4DE00DFEC55 /* JTCHotelFetcher.m */ = {isa = PBXFileReference; fileEncoding = 4; lastKnownFileType = sourcecode.c.objc; path = JTCHotelFetcher.m; sourceTree = "<group>"; };
		AAF6AA3A16ECD75300DFEC55 /* Hotel+LiveSync.h */ = {isa = PBXFileReference; fileEncoding = 4; lastKnownFileType = sourcecode.c.h; path = "Hotel+LiveSync.h"; sourceTree = "<group>"; };
		AAF6AA3B16ECD75300DFEC55 /* Hotel+LiveSync.m */ = {isa = PBXFileReference; fileEncoding = 4; lastKnownFileType = sourcecode.c.objc; path = "Hotel+LiveSync.m"; sourceTree = "<group>"; };
		AAF6AA4116ECDC2900DFEC55 /* JTCHotelViewController.h */ = {isa = PBXFileReference; fileEncoding = 4; lastKnownFileType = sourcecode.c.h; path = JTCHotelViewController.h; sourceTree = "<group>"; };
		AAF6AA4216ECDC2900DFEC55 /* JTCHotelViewController.m */ = {isa = PBXFileReference; fileEncoding = 4; lastKnownFileType = sourcecode.c.objc; path = JTCHotelViewController.m; sourceTree = "<group>"; };
		AAF6AA4416ECE11200DFEC55 /* JTCHotelDetailViewController.h */ = {isa = PBXFileReference; fileEncoding = 4; lastKnownFileType = sourcecode.c.h; path = JTCHotelDetailViewController.h; sourceTree = "<group>"; };
		AAF6AA4516ECE11200DFEC55 /* JTCHotelDetailViewController.m */ = {isa = PBXFileReference; fileEncoding = 4; lastKnownFileType = sourcecode.c.objc; path = JTCHotelDetailViewController.m; sourceTree = "<group>"; };
/* End PBXFileReference section */

/* Begin PBXFrameworksBuildPhase section */
		AA2B1F2F16CB414D00882834 /* Frameworks */ = {
			isa = PBXFrameworksBuildPhase;
			buildActionMask = 2147483647;
			files = (
				AA84890E16EB88FE005C498C /* AddressBook.framework in Frameworks */,
				AA84890C16EB88A5005C498C /* AddressBookUI.framework in Frameworks */,
				AA714F7616DC628700CE5D03 /* CoreLocation.framework in Frameworks */,
				AA094B5116D5CC43006ACA65 /* MapKit.framework in Frameworks */,
				AA77321116CDE09E00E21C0C /* CoreData.framework in Frameworks */,
				AA2B1F3616CB414D00882834 /* UIKit.framework in Frameworks */,
				AA2B1F3816CB414D00882834 /* Foundation.framework in Frameworks */,
				AA2B1F3A16CB414D00882834 /* CoreGraphics.framework in Frameworks */,
			);
			runOnlyForDeploymentPostprocessing = 0;
		};
/* End PBXFrameworksBuildPhase section */

/* Begin PBXGroup section */
		AA2B1F2916CB414D00882834 = {
			isa = PBXGroup;
			children = (
				AA84890D16EB88FE005C498C /* AddressBook.framework */,
				AA84890B16EB88A5005C498C /* AddressBookUI.framework */,
				AA714F7516DC628700CE5D03 /* CoreLocation.framework */,
				AA094B5016D5CC43006ACA65 /* MapKit.framework */,
				AA2B1F3B16CB414D00882834 /* TFAEuropeTour */,
				AA2B1F3416CB414D00882834 /* Frameworks */,
				AA2B1F3316CB414D00882834 /* Products */,
			);
			sourceTree = "<group>";
		};
		AA2B1F3316CB414D00882834 /* Products */ = {
			isa = PBXGroup;
			children = (
				AA2B1F3216CB414D00882834 /* TFAEuropeTour.app */,
			);
			name = Products;
			sourceTree = "<group>";
		};
		AA2B1F3416CB414D00882834 /* Frameworks */ = {
			isa = PBXGroup;
			children = (
				AA77321016CDE09E00E21C0C /* CoreData.framework */,
				AA2B1F3516CB414D00882834 /* UIKit.framework */,
				AA2B1F3716CB414D00882834 /* Foundation.framework */,
				AA2B1F3916CB414D00882834 /* CoreGraphics.framework */,
			);
			name = Frameworks;
			sourceTree = "<group>";
		};
		AA2B1F3B16CB414D00882834 /* TFAEuropeTour */ = {
			isa = PBXGroup;
			children = (
				AAD5F9BB16D90E31007FA002 /* Views */,
				AA3B8F9716D129DF0093FF21 /* Load */,
				AA9450AE16D035E600B194C4 /* ViewModels */,
				AA9450AA16D033A400B194C4 /* CoreData */,
				AA2B1F7316CB489B00882834 /* DataControllers */,
				AA2B1F6F16CB463B00882834 /* Domain */,
				AA2B1F6616CB420700882834 /* Images */,
				AA2B1F4416CB414D00882834 /* JTCAppDelegate.h */,
				AA2B1F4516CB414D00882834 /* JTCAppDelegate.m */,
				AA226DE416D30C4700F8F59D /* JTCManagedDocumentHandler.h */,
				AA226DE516D30C4700F8F59D /* JTCManagedDocumentHandler.m */,
				AA61A56C16D6C2DC00944D7F /* JTCContactsViewController.h */,
				AA61A56D16D6C2DC00944D7F /* JTCContactsViewController.m */,
				AA2B1F5616CB414D00882834 /* first.png */,
				AA2B1F5816CB414D00882834 /* first@2x.png */,
				AA2B1F5A16CB414D00882834 /* JTCSecondViewController.h */,
				AA2B1F5B16CB414D00882834 /* JTCSecondViewController.m */,
				AA2B1F5D16CB414D00882834 /* second.png */,
				AA2B1F5F16CB414D00882834 /* second@2x.png */,
				AA2B1F3C16CB414D00882834 /* Supporting Files */,
			);
			path = TFAEuropeTour;
			sourceTree = "<group>";
		};
		AA2B1F3C16CB414D00882834 /* Supporting Files */ = {
			isa = PBXGroup;
			children = (
				AA2B1F3D16CB414D00882834 /* TFAEuropeTour-Info.plist */,
				AA2B1F3E16CB414D00882834 /* InfoPlist.strings */,
				AA2B1F4116CB414D00882834 /* main.m */,
				AA2B1F4316CB414D00882834 /* TFAEuropeTour-Prefix.pch */,
				AA2B1F4716CB414D00882834 /* Default.png */,
				AA2B1F4916CB414D00882834 /* Default@2x.png */,
				AA2B1F4B16CB414D00882834 /* Default-568h@2x.png */,
			);
			name = "Supporting Files";
			sourceTree = "<group>";
		};
		AA2B1F6616CB420700882834 /* Images */ = {
			isa = PBXGroup;
			children = (
				AA394F6A16E5982C00A35034 /* logo_retina.png */,
				AA394F6816E5981E00A35034 /* logo_57.png */,
				AA714F7716DC68AD00CE5D03 /* 141-lamp.png */,
				AA2D573116D98F6B0029EB09 /* coffee.jpg */,
				AA2D572F16D98F640029EB09 /* dinner.jpg */,
				AA2D572D16D98F5C0029EB09 /* soccer_pitch.jpg */,
				AA2D572B16D98F550029EB09 /* bus.jpg */,
				AA2D572916D98D830029EB09 /* soccer_ball.jpg */,
				AA2D572716D98C9D0029EB09 /* 101-gameplan.png */,
				AA2D572516D98C410029EB09 /* 34-coffee.png */,
				AA2D572316D98C2C0029EB09 /* 43-film-roll.png */,
				AA2D572116D98C0A0029EB09 /* 124-bullhorn.png */,
				AA2D571F16D98BF00029EB09 /* 125-food.png */,
				AAAD9FFB16D4894A0000EE54 /* glyphicons_335_pin_classic.png */,
				AA2B1F6D16CB43BA00882834 /* 38-airplane.png */,
				AA2B1F6B16CB43A200882834 /* 112-group.png */,
				AA2B1F6916CB438000882834 /* 161-calculator.png */,
				AA2B1F6716CB42F300882834 /* 103-map.png */,
			);
			name = Images;
			path = ..;
			sourceTree = "<group>";
		};
		AA2B1F6F16CB463B00882834 /* Domain */ = {
			isa = PBXGroup;
			children = (
				AA75999C16F0220600C73BD9 /* Hotel.h */,
				AA75999D16F0220600C73BD9 /* Hotel.m */,
				AAD637FF16EC49D000A5AF7A /* ItineraryEvent.h */,
				AAD6380016EC49D000A5AF7A /* ItineraryEvent.m */,
				AA84890016EB7827005C498C /* Person.h */,
				AA84890116EB7827005C498C /* Person.m */,
				AA3E7FFB16E946B800B99C19 /* Category.h */,
				AA3E7FFC16E946B800B99C19 /* Category.m */,
				AA3FD23316DEFD5D00F2F8FB /* CheckIn.h */,
				AA3FD23416DEFD5D00F2F8FB /* CheckIn.m */,
				AA2D574216D99D3D0029EB09 /* Flight.h */,
				AA2D574316D99D3D0029EB09 /* Flight.m */,
				AA2D573916D99D3D0029EB09 /* Airline.h */,
				AA2D573A16D99D3D0029EB09 /* Airline.m */,
				AA2D573616D99D3D0029EB09 /* Airport.h */,
				AA2D573716D99D3D0029EB09 /* Airport.m */,
			);
			name = Domain;
			sourceTree = "<group>";
		};
		AA2B1F7316CB489B00882834 /* DataControllers */ = {
			isa = PBXGroup;
			children = (
				AA2B1F7416CB48C200882834 /* JTCFlightsDataController.h */,
				AA2B1F7516CB48C200882834 /* JTCFlightsDataController.m */,
			);
			name = DataControllers;
			sourceTree = "<group>";
		};
		AA3B8F9716D129DF0093FF21 /* Load */ = {
			isa = PBXGroup;
			children = (
				AA3B8F9816D12A160093FF21 /* JTCFlightFetcher.h */,
				AA3B8F9916D12A160093FF21 /* JTCFlightFetcher.m */,
				AA3B8FA416D1C0780093FF21 /* JTCItineraryFetcher.h */,
				AA3B8FA516D1C0780093FF21 /* JTCItineraryFetcher.m */,
				AA2D574E16D99E7D0029EB09 /* JTCCategoryFetcher.h */,
				AA2D574F16D99E7D0029EB09 /* JTCCategoryFetcher.m */,
				AA8488FD16EB720A005C498C /* JTCPersonFetcher.h */,
				AA8488FE16EB720A005C498C /* JTCPersonFetcher.m */,
				AAF6AA3716ECD4DE00DFEC55 /* JTCHotelFetcher.h */,
				AAF6AA3816ECD4DE00DFEC55 /* JTCHotelFetcher.m */,
			);
			name = Load;
			sourceTree = "<group>";
		};
		AA84890716EB7A59005C498C /* Contacts */ = {
			isa = PBXGroup;
			children = (
				AA84890816EB7A96005C498C /* JTCTravelersViewController.h */,
				AA84890916EB7A96005C498C /* JTCTravelersViewController.m */,
			);
			name = Contacts;
			sourceTree = "<group>";
		};
		AA9450AA16D033A400B194C4 /* CoreData */ = {
			isa = PBXGroup;
			children = (
				AA77321216CDE9A000E21C0C /* TFAEuropeTourModel.xcdatamodeld */,
				AA94508616D00C3B00B194C4 /* CoreDataTableViewController.h */,
				AA94508716D00C3B00B194C4 /* CoreDataTableViewController.m */,
				AA9450AB16D0340500B194C4 /* Flight+Create.h */,
				AA9450AC16D0340500B194C4 /* Flight+Create.m */,
				AA3B8F9B16D134C10093FF21 /* Flight+LiveSync.h */,
				AA3B8F9C16D134C10093FF21 /* Flight+LiveSync.m */,
				AA9450B516D0402700B194C4 /* Airline+Create.h */,
				AA9450B616D0402700B194C4 /* Airline+Create.m */,
				AA3B8F9E16D136310093FF21 /* Airline+LiveSync.h */,
				AA3B8F9F16D136310093FF21 /* Airline+LiveSync.m */,
				AA9450B816D0409200B194C4 /* Airport+Create.h */,
				AA9450B916D0409200B194C4 /* Airport+Create.m */,
				AA3B8FA116D1363F0093FF21 /* Airport+LiveSync.h */,
				AA3B8FA216D1363F0093FF21 /* Airport+LiveSync.m */,
				AA226DE716D315A600F8F59D /* ItineraryEvent+LiveSync.h */,
				AA226DE816D315A600F8F59D /* ItineraryEvent+LiveSync.m */,
				AA2D574B16D99E3B0029EB09 /* Category+LiveSync.h */,
				AA2D574C16D99E3C0029EB09 /* Category+LiveSync.m */,
				AAED32FA16DA769800E19C0E /* CheckIn+Create.h */,
				AAED32FB16DA769800E19C0E /* CheckIn+Create.m */,
				AA84890416EB7896005C498C /* Person+LiveSync.h */,
				AA84890516EB7896005C498C /* Person+LiveSync.m */,
				AAF6AA3A16ECD75300DFEC55 /* Hotel+LiveSync.h */,
				AAF6AA3B16ECD75300DFEC55 /* Hotel+LiveSync.m */,
			);
			name = CoreData;
			sourceTree = "<group>";
		};
		AA9450AE16D035E600B194C4 /* ViewModels */ = {
			isa = PBXGroup;
			children = (
				AA9450AF16D0360E00B194C4 /* JTCFlightViewModel.h */,
				AA9450B016D0360E00B194C4 /* JTCFlightViewModel.m */,
			);
			name = ViewModels;
			sourceTree = "<group>";
		};
		AAD5F9BB16D90E31007FA002 /* Views */ = {
			isa = PBXGroup;
			children = (
				AA2B1F5016CB414D00882834 /* MainStoryboard_iPad.storyboard */,
				AA2B1F4D16CB414D00882834 /* MainStoryboard_iPhone.storyboard */,
				AAF6AA4016ECDBDF00DFEC55 /* Hotels */,
				AA84890716EB7A59005C498C /* Contacts */,
				AAD5F9BD16D90E84007FA002 /* Flights */,
				AAD5F9BC16D90E40007FA002 /* ItineraryEvent */,
			);
			name = Views;
			sourceTree = "<group>";
		};
		AAD5F9BC16D90E40007FA002 /* ItineraryEvent */ = {
			isa = PBXGroup;
			children = (
				AA3B8FAD16D1CDE30093FF21 /* JTCItineraryViewController.h */,
				AA3B8FAE16D1CDE30093FF21 /* JTCItineraryViewController.m */,
				AAAD9FF816D4764A0000EE54 /* JTCItineraryDetailViewController.h */,
				AAAD9FF916D4764A0000EE54 /* JTCItineraryDetailViewController.m */,
				AA3FD23616DF04ED00F2F8FB /* JTCItineraryAddViewController.h */,
				AA3FD23716DF04ED00F2F8FB /* JTCItineraryAddViewController.m */,
				AAD5F9B816D906F0007FA002 /* JTCItineraryEditViewController.h */,
				AAD5F9B916D906F0007FA002 /* JTCItineraryEditViewController.m */,
				AAD5546E16DAF9CE00E98B23 /* JTCItineraryLocationViewController.h */,
				AAD5546F16DAF9CE00E98B23 /* JTCItineraryLocationViewController.m */,
				AA094B5216D5CD7D006ACA65 /* JTCCheckInViewController.h */,
				AA094B5316D5CD7D006ACA65 /* JTCCheckInViewController.m */,
				AA3FD23916DF0A6700F2F8FB /* JTCCategoryViewController.h */,
				AA3FD23A16DF0A6700F2F8FB /* JTCCategoryViewController.m */,
				AA094B5516D5D5EC006ACA65 /* JTCCheckInAnnotation.h */,
				AA094B5616D5D5EC006ACA65 /* JTCCheckInAnnotation.m */,
			);
			name = ItineraryEvent;
			sourceTree = "<group>";
		};
		AAD5F9BD16D90E84007FA002 /* Flights */ = {
			isa = PBXGroup;
			children = (
				AA9450CD16D0755C00B194C4 /* JTCFlightDatePickerViewController.h */,
				AA9450CE16D0755C00B194C4 /* JTCFlightDatePickerViewController.m */,
				AA94508316D00BB200B194C4 /* JTCFlightsViewController.h */,
				AA94508416D00BB200B194C4 /* JTCFlightsViewController.m */,
				AA58495916CF1AEB0005A696 /* JTCAddFlightViewController.h */,
				AA58495A16CF1AEB0005A696 /* JTCAddFlightViewController.m */,
			);
			name = Flights;
			sourceTree = "<group>";
		};
		AAF6AA4016ECDBDF00DFEC55 /* Hotels */ = {
			isa = PBXGroup;
			children = (
				AAF6AA4116ECDC2900DFEC55 /* JTCHotelViewController.h */,
				AAF6AA4216ECDC2900DFEC55 /* JTCHotelViewController.m */,
				AAF6AA4416ECE11200DFEC55 /* JTCHotelDetailViewController.h */,
				AAF6AA4516ECE11200DFEC55 /* JTCHotelDetailViewController.m */,
			);
			name = Hotels;
			sourceTree = "<group>";
		};
/* End PBXGroup section */

/* Begin PBXNativeTarget section */
		AA2B1F3116CB414D00882834 /* TFAEuropeTour */ = {
			isa = PBXNativeTarget;
			buildConfigurationList = AA2B1F6316CB414D00882834 /* Build configuration list for PBXNativeTarget "TFAEuropeTour" */;
			buildPhases = (
				AA2B1F2E16CB414D00882834 /* Sources */,
				AA2B1F2F16CB414D00882834 /* Frameworks */,
				AA2B1F3016CB414D00882834 /* Resources */,
			);
			buildRules = (
			);
			dependencies = (
			);
			name = TFAEuropeTour;
			productName = TFAEuropeTour;
			productReference = AA2B1F3216CB414D00882834 /* TFAEuropeTour.app */;
			productType = "com.apple.product-type.application";
		};
/* End PBXNativeTarget section */

/* Begin PBXProject section */
		AA2B1F2A16CB414D00882834 /* Project object */ = {
			isa = PBXProject;
			attributes = {
				CLASSPREFIX = JTC;
				LastUpgradeCheck = 0460;
				ORGANIZATIONNAME = "Steve Jackson";
			};
			buildConfigurationList = AA2B1F2D16CB414D00882834 /* Build configuration list for PBXProject "TFAEuropeTour" */;
			compatibilityVersion = "Xcode 3.2";
			developmentRegion = English;
			hasScannedForEncodings = 0;
			knownRegions = (
				en,
			);
			mainGroup = AA2B1F2916CB414D00882834;
			productRefGroup = AA2B1F3316CB414D00882834 /* Products */;
			projectDirPath = "";
			projectRoot = "";
			targets = (
				AA2B1F3116CB414D00882834 /* TFAEuropeTour */,
			);
		};
/* End PBXProject section */

/* Begin PBXResourcesBuildPhase section */
		AA2B1F3016CB414D00882834 /* Resources */ = {
			isa = PBXResourcesBuildPhase;
			buildActionMask = 2147483647;
			files = (
				AA2B1F4016CB414D00882834 /* InfoPlist.strings in Resources */,
				AA2B1F4816CB414D00882834 /* Default.png in Resources */,
				AA2B1F4A16CB414D00882834 /* Default@2x.png in Resources */,
				AA2B1F4C16CB414D00882834 /* Default-568h@2x.png in Resources */,
				AA2B1F4F16CB414D00882834 /* MainStoryboard_iPhone.storyboard in Resources */,
				AA2B1F5216CB414D00882834 /* MainStoryboard_iPad.storyboard in Resources */,
				AA2B1F5716CB414D00882834 /* first.png in Resources */,
				AA2B1F5916CB414D00882834 /* first@2x.png in Resources */,
				AA2B1F5E16CB414D00882834 /* second.png in Resources */,
				AA2B1F6016CB414D00882834 /* second@2x.png in Resources */,
				AA2B1F6816CB42F300882834 /* 103-map.png in Resources */,
				AA2B1F6A16CB438000882834 /* 161-calculator.png in Resources */,
				AA2B1F6C16CB43A200882834 /* 112-group.png in Resources */,
				AA2B1F6E16CB43BA00882834 /* 38-airplane.png in Resources */,
				AAAD9FFC16D4894A0000EE54 /* glyphicons_335_pin_classic.png in Resources */,
				AA2D572016D98BF00029EB09 /* 125-food.png in Resources */,
				AA2D572216D98C0A0029EB09 /* 124-bullhorn.png in Resources */,
				AA2D572416D98C2C0029EB09 /* 43-film-roll.png in Resources */,
				AA2D572616D98C410029EB09 /* 34-coffee.png in Resources */,
				AA2D572816D98C9D0029EB09 /* 101-gameplan.png in Resources */,
				AA2D572A16D98D830029EB09 /* soccer_ball.jpg in Resources */,
				AA2D572C16D98F550029EB09 /* bus.jpg in Resources */,
				AA2D572E16D98F5C0029EB09 /* soccer_pitch.jpg in Resources */,
				AA2D573016D98F640029EB09 /* dinner.jpg in Resources */,
				AA2D573216D98F6B0029EB09 /* coffee.jpg in Resources */,
				AA714F7816DC68AD00CE5D03 /* 141-lamp.png in Resources */,
				AA394F6916E5981E00A35034 /* logo_57.png in Resources */,
				AA394F6B16E5982C00A35034 /* logo_retina.png in Resources */,
			);
			runOnlyForDeploymentPostprocessing = 0;
		};
/* End PBXResourcesBuildPhase section */

/* Begin PBXSourcesBuildPhase section */
		AA2B1F2E16CB414D00882834 /* Sources */ = {
			isa = PBXSourcesBuildPhase;
			buildActionMask = 2147483647;
			files = (
				AA9450A916D02E5100B194C4 /* CoreDataTableViewController.m in Sources */,
				AA2B1F4216CB414D00882834 /* main.m in Sources */,
				AA2B1F4616CB414D00882834 /* JTCAppDelegate.m in Sources */,
				AA2B1F5C16CB414D00882834 /* JTCSecondViewController.m in Sources */,
				AA2B1F7616CB48C200882834 /* JTCFlightsDataController.m in Sources */,
				AA77321416CDE9A000E21C0C /* TFAEuropeTourModel.xcdatamodeld in Sources */,
				AA58495B16CF1AEB0005A696 /* JTCAddFlightViewController.m in Sources */,
				AA94508516D00BB200B194C4 /* JTCFlightsViewController.m in Sources */,
				AA9450AD16D0340500B194C4 /* Flight+Create.m in Sources */,
				AA9450B116D0360E00B194C4 /* JTCFlightViewModel.m in Sources */,
				AA9450B716D0402700B194C4 /* Airline+Create.m in Sources */,
				AA9450BA16D0409200B194C4 /* Airport+Create.m in Sources */,
				AA9450CF16D0755D00B194C4 /* JTCFlightDatePickerViewController.m in Sources */,
				AA3B8F9A16D12A160093FF21 /* JTCFlightFetcher.m in Sources */,
				AA3B8F9D16D134C10093FF21 /* Flight+LiveSync.m in Sources */,
				AA3B8FA016D136310093FF21 /* Airline+LiveSync.m in Sources */,
				AA3B8FA316D1363F0093FF21 /* Airport+LiveSync.m in Sources */,
				AA3B8FA616D1C0780093FF21 /* JTCItineraryFetcher.m in Sources */,
				AA3B8FAF16D1CDE30093FF21 /* JTCItineraryViewController.m in Sources */,
				AA226DE616D30C4700F8F59D /* JTCManagedDocumentHandler.m in Sources */,
				AA226DE916D315A600F8F59D /* ItineraryEvent+LiveSync.m in Sources */,
				AAAD9FFA16D4764A0000EE54 /* JTCItineraryDetailViewController.m in Sources */,
				AA094B5416D5CD7D006ACA65 /* JTCCheckInViewController.m in Sources */,
				AA094B5716D5D5EC006ACA65 /* JTCCheckInAnnotation.m in Sources */,
				AA61A56E16D6C2DC00944D7F /* JTCContactsViewController.m in Sources */,
				AAD5F9BA16D906F0007FA002 /* JTCItineraryEditViewController.m in Sources */,
				AA2D573816D99D3D0029EB09 /* Airport.m in Sources */,
				AA2D573B16D99D3D0029EB09 /* Airline.m in Sources */,
				AA2D574416D99D3D0029EB09 /* Flight.m in Sources */,
				AA2D574D16D99E3C0029EB09 /* Category+LiveSync.m in Sources */,
				AA2D575016D99E7D0029EB09 /* JTCCategoryFetcher.m in Sources */,
				AAED32FC16DA769800E19C0E /* CheckIn+Create.m in Sources */,
				AAD5547016DAF9CE00E98B23 /* JTCItineraryLocationViewController.m in Sources */,
				AA3FD23516DEFD5D00F2F8FB /* CheckIn.m in Sources */,
				AA3FD23816DF04ED00F2F8FB /* JTCItineraryAddViewController.m in Sources */,
				AA3FD23B16DF0A6700F2F8FB /* JTCCategoryViewController.m in Sources */,
				AA3E7FFD16E946B800B99C19 /* Category.m in Sources */,
				AA8488FF16EB720A005C498C /* JTCPersonFetcher.m in Sources */,
				AA84890216EB7827005C498C /* Person.m in Sources */,
				AA84890616EB7896005C498C /* Person+LiveSync.m in Sources */,
				AA84890A16EB7A96005C498C /* JTCTravelersViewController.m in Sources */,
				AAD6380116EC49D000A5AF7A /* ItineraryEvent.m in Sources */,
				AAF6AA3916ECD4DE00DFEC55 /* JTCHotelFetcher.m in Sources */,
				AAF6AA3C16ECD75300DFEC55 /* Hotel+LiveSync.m in Sources */,
				AAF6AA4316ECDC2900DFEC55 /* JTCHotelViewController.m in Sources */,
				AAF6AA4616ECE11200DFEC55 /* JTCHotelDetailViewController.m in Sources */,
				AA75999E16F0220600C73BD9 /* Hotel.m in Sources */,
			);
			runOnlyForDeploymentPostprocessing = 0;
		};
/* End PBXSourcesBuildPhase section */

/* Begin PBXVariantGroup section */
		AA2B1F3E16CB414D00882834 /* InfoPlist.strings */ = {
			isa = PBXVariantGroup;
			children = (
				AA2B1F3F16CB414D00882834 /* en */,
			);
			name = InfoPlist.strings;
			sourceTree = "<group>";
		};
		AA2B1F4D16CB414D00882834 /* MainStoryboard_iPhone.storyboard */ = {
			isa = PBXVariantGroup;
			children = (
				AA2B1F4E16CB414D00882834 /* en */,
			);
			name = MainStoryboard_iPhone.storyboard;
			sourceTree = "<group>";
		};
		AA2B1F5016CB414D00882834 /* MainStoryboard_iPad.storyboard */ = {
			isa = PBXVariantGroup;
			children = (
				AA2B1F5116CB414D00882834 /* en */,
			);
			name = MainStoryboard_iPad.storyboard;
			sourceTree = "<group>";
		};
/* End PBXVariantGroup section */

/* Begin XCBuildConfiguration section */
		AA2B1F6116CB414D00882834 /* Debug */ = {
			isa = XCBuildConfiguration;
			buildSettings = {
				ALWAYS_SEARCH_USER_PATHS = NO;
				CLANG_CXX_LANGUAGE_STANDARD = "gnu++0x";
				CLANG_CXX_LIBRARY = "libc++";
				CLANG_ENABLE_OBJC_ARC = YES;
				CLANG_WARN_CONSTANT_CONVERSION = YES;
				CLANG_WARN_EMPTY_BODY = YES;
				CLANG_WARN_ENUM_CONVERSION = YES;
				CLANG_WARN_INT_CONVERSION = YES;
				CLANG_WARN__DUPLICATE_METHOD_MATCH = YES;
				"CODE_SIGN_IDENTITY[sdk=iphoneos*]" = "iPhone Developer";
				COPY_PHASE_STRIP = NO;
				GCC_C_LANGUAGE_STANDARD = gnu99;
				GCC_DYNAMIC_NO_PIC = NO;
				GCC_OPTIMIZATION_LEVEL = 0;
				GCC_PREPROCESSOR_DEFINITIONS = (
					"DEBUG=1",
					"$(inherited)",
				);
				GCC_SYMBOLS_PRIVATE_EXTERN = NO;
				GCC_WARN_ABOUT_RETURN_TYPE = YES;
				GCC_WARN_UNINITIALIZED_AUTOS = YES;
				GCC_WARN_UNUSED_VARIABLE = YES;
				IPHONEOS_DEPLOYMENT_TARGET = 6.1;
				ONLY_ACTIVE_ARCH = YES;
				SDKROOT = iphoneos;
				TARGETED_DEVICE_FAMILY = "1,2";
			};
			name = Debug;
		};
		AA2B1F6216CB414D00882834 /* Release */ = {
			isa = XCBuildConfiguration;
			buildSettings = {
				ALWAYS_SEARCH_USER_PATHS = NO;
				CLANG_CXX_LANGUAGE_STANDARD = "gnu++0x";
				CLANG_CXX_LIBRARY = "libc++";
				CLANG_ENABLE_OBJC_ARC = YES;
				CLANG_WARN_CONSTANT_CONVERSION = YES;
				CLANG_WARN_EMPTY_BODY = YES;
				CLANG_WARN_ENUM_CONVERSION = YES;
				CLANG_WARN_INT_CONVERSION = YES;
				CLANG_WARN__DUPLICATE_METHOD_MATCH = YES;
				"CODE_SIGN_IDENTITY[sdk=iphoneos*]" = "iPhone Developer";
				COPY_PHASE_STRIP = YES;
				GCC_C_LANGUAGE_STANDARD = gnu99;
				GCC_WARN_ABOUT_RETURN_TYPE = YES;
				GCC_WARN_UNINITIALIZED_AUTOS = YES;
				GCC_WARN_UNUSED_VARIABLE = YES;
				IPHONEOS_DEPLOYMENT_TARGET = 6.1;
				OTHER_CFLAGS = "-DNS_BLOCK_ASSERTIONS=1";
				SDKROOT = iphoneos;
				TARGETED_DEVICE_FAMILY = "1,2";
				VALIDATE_PRODUCT = YES;
			};
			name = Release;
		};
		AA2B1F6416CB414D00882834 /* Debug */ = {
			isa = XCBuildConfiguration;
			buildSettings = {
				GCC_PRECOMPILE_PREFIX_HEADER = YES;
				GCC_PREFIX_HEADER = "TFAEuropeTour/TFAEuropeTour-Prefix.pch";
				INFOPLIST_FILE = "TFAEuropeTour/TFAEuropeTour-Info.plist";
				IPHONEOS_DEPLOYMENT_TARGET = 6.0;
				PRODUCT_NAME = "$(TARGET_NAME)";
				WRAPPER_EXTENSION = app;
			};
			name = Debug;
		};
		AA2B1F6516CB414D00882834 /* Release */ = {
			isa = XCBuildConfiguration;
			buildSettings = {
				GCC_PRECOMPILE_PREFIX_HEADER = YES;
				GCC_PREFIX_HEADER = "TFAEuropeTour/TFAEuropeTour-Prefix.pch";
				INFOPLIST_FILE = "TFAEuropeTour/TFAEuropeTour-Info.plist";
				IPHONEOS_DEPLOYMENT_TARGET = 6.0;
				PRODUCT_NAME = "$(TARGET_NAME)";
				WRAPPER_EXTENSION = app;
			};
			name = Release;
		};
/* End XCBuildConfiguration section */

/* Begin XCConfigurationList section */
		AA2B1F2D16CB414D00882834 /* Build configuration list for PBXProject "TFAEuropeTour" */ = {
			isa = XCConfigurationList;
			buildConfigurations = (
				AA2B1F6116CB414D00882834 /* Debug */,
				AA2B1F6216CB414D00882834 /* Release */,
			);
			defaultConfigurationIsVisible = 0;
			defaultConfigurationName = Release;
		};
		AA2B1F6316CB414D00882834 /* Build configuration list for PBXNativeTarget "TFAEuropeTour" */ = {
			isa = XCConfigurationList;
			buildConfigurations = (
				AA2B1F6416CB414D00882834 /* Debug */,
				AA2B1F6516CB414D00882834 /* Release */,
			);
			defaultConfigurationIsVisible = 0;
			defaultConfigurationName = Release;
		};
/* End XCConfigurationList section */

/* Begin XCVersionGroup section */
		AA77321216CDE9A000E21C0C /* TFAEuropeTourModel.xcdatamodeld */ = {
			isa = XCVersionGroup;
			children = (
				AA77321316CDE9A000E21C0C /* TFAEuropeTourModel.xcdatamodel */,
			);
			currentVersion = AA77321316CDE9A000E21C0C /* TFAEuropeTourModel.xcdatamodel */;
			path = TFAEuropeTourModel.xcdatamodeld;
			sourceTree = "<group>";
			versionGroupType = wrapper.xcdatamodel;
		};
/* End XCVersionGroup section */
	};
	rootObject = AA2B1F2A16CB414D00882834 /* Project object */;
}
